
Microsoft Visual Studio Solution File, Format Version 12.00
# Visual Studio Version 17
VisualStudioVersion = 17.14.36203.30
MinimumVisualStudioVersion = 10.0.40219.1
Project("{FAE04EC0-301F-11D3-BF4B-00C04F79EFBC}") = "BlazorThemesWebTest", "BlazorThemesWebTest\BlazorThemesWebTest.csproj", "{FC269C99-BFDF-4A19-B068-D21548B56E62}"
EndProject
Global
	GlobalSection(SolutionConfigurationPlatforms) = preSolution
		Debug|Any CPU = Debug|Any CPU
		Release|Any CPU = Release|Any CPU
	EndGlobalSection
	GlobalSection(ProjectConfigurationPlatforms) = postSolution
		{FC269C99-BFDF-4A19-B068-D21548B56E62}.Debug|Any CPU.ActiveCfg = Debug|Any CPU
		{FC269C99-BFDF-4A19-B068-D21548B56E62}.Debug|Any CPU.Build.0 = Debug|Any CPU
		{FC269C99-BFDF-4A19-B068-D21548B56E62}.Release|Any CPU.ActiveCfg = Release|Any CPU
		{FC269C99-BFDF-4A19-B068-D21548B56E62}.Release|Any CPU.Build.0 = Release|Any CPU
	EndGlobalSection
	GlobalSection(SolutionProperties) = preSolution
		HideSolutionNode = FALSE
	EndGlobalSection
	GlobalSection(ExtensibilityGlobals) = postSolution
		SolutionGuid = {4F34C816-571D-4382-81DB-77AABDB59177}
	EndGlobalSection
EndGlobal
